
Microsoft Visual Studio Solution File, Format Version 12.00
# Visual Studio 15
VisualStudioVersion = 15.0.28307.489
MinimumVisualStudioVersion = 10.0.40219.1
Project("{CC5FD16D-436D-48AD-A40C-5A424C6E3E79}") = "cs-log", "cs-log\cs-log.ccproj", "{537F019C-891E-401E-8A35-15715832C43C}"
EndProject
Project("{FAE04EC0-301F-11D3-BF4B-00C04F79EFBC}") = "WebRole1", "WebRole1\WebRole1.csproj", "{47E7478D-203E-4591-A14B-961CB8FEF254}"
EndProject
Global
	GlobalSection(SolutionConfigurationPlatforms) = preSolution
		Debug|Any CPU = Debug|Any CPU
		Release|Any CPU = Release|Any CPU
	EndGlobalSection
	GlobalSection(ProjectConfigurationPlatforms) = postSolution
		{537F019C-891E-401E-8A35-15715832C43C}.Debug|Any CPU.ActiveCfg = Debug|Any CPU
		{537F019C-891E-401E-8A35-15715832C43C}.Debug|Any CPU.Build.0 = Debug|Any CPU
		{537F019C-891E-401E-8A35-15715832C43C}.Release|Any CPU.ActiveCfg = Release|Any CPU
		{537F019C-891E-401E-8A35-15715832C43C}.Release|Any CPU.Build.0 = Release|Any CPU
		{47E7478D-203E-4591-A14B-961CB8FEF254}.Debug|Any CPU.ActiveCfg = Debug|Any CPU
		{47E7478D-203E-4591-A14B-961CB8FEF254}.Debug|Any CPU.Build.0 = Debug|Any CPU
		{47E7478D-203E-4591-A14B-961CB8FEF254}.Release|Any CPU.ActiveCfg = Release|Any CPU
		{47E7478D-203E-4591-A14B-961CB8FEF254}.Release|Any CPU.Build.0 = Release|Any CPU
	EndGlobalSection
	GlobalSection(SolutionProperties) = preSolution
		HideSolutionNode = FALSE
	EndGlobalSection
	GlobalSection(ExtensibilityGlobals) = postSolution
		SolutionGuid = {1BB3FCFF-5A35-4A2E-9137-3D450AABD2CA}
	EndGlobalSection
EndGlobal
